
Microsoft Visual Studio Solution File, Format Version 12.00
# Visual Studio 15
VisualStudioVersion = 15.0.28307.852
MinimumVisualStudioVersion = 10.0.40219.1
Project("{FAE04EC0-301F-11D3-BF4B-00C04F79EFBC}") = "OrderAndStorageManagementSystem", "OrderAndStorageManagementSystem\OrderAndStorageManagementSystem.csproj", "{F28F6EC2-AD1A-4EDA-967A-563098F9242E}"
EndProject
Project("{FAE04EC0-301F-11D3-BF4B-00C04F79EFBC}") = "DataGridViewNumericUpDownElements", "DataGridViewNumericUpDownElements\DataGridViewNumericUpDownElements.csproj", "{82B50731-BE90-433F-BB6E-9B509C5F3B7C}"
EndProject
Project("{FAE04EC0-301F-11D3-BF4B-00C04F79EFBC}") = "InputInspectingElements", "InputInspectingElements\InputInspectingElements.csproj", "{76CE5003-DE44-453F-94E9-24A045ED5039}"
EndProject
Project("{FAE04EC0-301F-11D3-BF4B-00C04F79EFBC}") = "OrderAndStorageManagementSystemTest", "OrderAndStorageManagementSystemTest\OrderAndStorageManagementSystemTest.csproj", "{EF6FB4DB-260D-456E-B65A-DE020437D148}"
EndProject
Project("{FAE04EC0-301F-11D3-BF4B-00C04F79EFBC}") = "InputInspectingElementsTest", "InputInspectingElementsTest\InputInspectingElementsTest.csproj", "{B1754A0B-F440-4914-B0C9-B8E58F6FA3B5}"
EndProject
Global
	GlobalSection(SolutionConfigurationPlatforms) = preSolution
		Debug|Any CPU = Debug|Any CPU
		Release|Any CPU = Release|Any CPU
	EndGlobalSection
	GlobalSection(ProjectConfigurationPlatforms) = postSolution
		{F28F6EC2-AD1A-4EDA-967A-563098F9242E}.Debug|Any CPU.ActiveCfg = Debug|Any CPU
		{F28F6EC2-AD1A-4EDA-967A-563098F9242E}.Debug|Any CPU.Build.0 = Debug|Any CPU
		{F28F6EC2-AD1A-4EDA-967A-563098F9242E}.Release|Any CPU.ActiveCfg = Release|Any CPU
		{F28F6EC2-AD1A-4EDA-967A-563098F9242E}.Release|Any CPU.Build.0 = Release|Any CPU
		{82B50731-BE90-433F-BB6E-9B509C5F3B7C}.Debug|Any CPU.ActiveCfg = Debug|Any CPU
		{82B50731-BE90-433F-BB6E-9B509C5F3B7C}.Debug|Any CPU.Build.0 = Debug|Any CPU
		{82B50731-BE90-433F-BB6E-9B509C5F3B7C}.Release|Any CPU.ActiveCfg = Release|Any CPU
		{82B50731-BE90-433F-BB6E-9B509C5F3B7C}.Release|Any CPU.Build.0 = Release|Any CPU
		{76CE5003-DE44-453F-94E9-24A045ED5039}.Debug|Any CPU.ActiveCfg = Debug|Any CPU
		{76CE5003-DE44-453F-94E9-24A045ED5039}.Debug|Any CPU.Build.0 = Debug|Any CPU
		{76CE5003-DE44-453F-94E9-24A045ED5039}.Release|Any CPU.ActiveCfg = Release|Any CPU
		{76CE5003-DE44-453F-94E9-24A045ED5039}.Release|Any CPU.Build.0 = Release|Any CPU
		{EF6FB4DB-260D-456E-B65A-DE020437D148}.Debug|Any CPU.ActiveCfg = Debug|Any CPU
		{EF6FB4DB-260D-456E-B65A-DE020437D148}.Debug|Any CPU.Build.0 = Debug|Any CPU
		{EF6FB4DB-260D-456E-B65A-DE020437D148}.Release|Any CPU.ActiveCfg = Release|Any CPU
		{EF6FB4DB-260D-456E-B65A-DE020437D148}.Release|Any CPU.Build.0 = Release|Any CPU
		{B1754A0B-F440-4914-B0C9-B8E58F6FA3B5}.Debug|Any CPU.ActiveCfg = Debug|Any CPU
		{B1754A0B-F440-4914-B0C9-B8E58F6FA3B5}.Debug|Any CPU.Build.0 = Debug|Any CPU
		{B1754A0B-F440-4914-B0C9-B8E58F6FA3B5}.Release|Any CPU.ActiveCfg = Release|Any CPU
		{B1754A0B-F440-4914-B0C9-B8E58F6FA3B5}.Release|Any CPU.Build.0 = Release|Any CPU
	EndGlobalSection
	GlobalSection(SolutionProperties) = preSolution
		HideSolutionNode = FALSE
	EndGlobalSection
	GlobalSection(ExtensibilityGlobals) = postSolution
		SolutionGuid = {7F6660FC-EF0F-448D-ACBD-59E84AC72817}
	EndGlobalSection
EndGlobal
